
Microsoft Visual Studio Solution File, Format Version 12.00
# Visual Studio 15
VisualStudioVersion = 15.0.27428.2037
MinimumVisualStudioVersion = 10.0.40219.1
Project("{FAE04EC0-301F-11D3-BF4B-00C04F79EFBC}") = "EmitLog", "EmitLog\EmitLog.csproj", "{31849F11-BB5C-419E-9130-539E0F40A817}"
EndProject
Project("{FAE04EC0-301F-11D3-BF4B-00C04F79EFBC}") = "ReceiveLogs", "ReceiveLogs\ReceiveLogs.csproj", "{51E0DBBA-11FF-45B1-BA56-62F9C9DE1899}"
EndProject
Global
	GlobalSection(SolutionConfigurationPlatforms) = preSolution
		Debug|Any CPU = Debug|Any CPU
		Release|Any CPU = Release|Any CPU
	EndGlobalSection
	GlobalSection(ProjectConfigurationPlatforms) = postSolution
		{31849F11-BB5C-419E-9130-539E0F40A817}.Debug|Any CPU.ActiveCfg = Debug|Any CPU
		{31849F11-BB5C-419E-9130-539E0F40A817}.Debug|Any CPU.Build.0 = Debug|Any CPU
		{31849F11-BB5C-419E-9130-539E0F40A817}.Release|Any CPU.ActiveCfg = Release|Any CPU
		{31849F11-BB5C-419E-9130-539E0F40A817}.Release|Any CPU.Build.0 = Release|Any CPU
		{51E0DBBA-11FF-45B1-BA56-62F9C9DE1899}.Debug|Any CPU.ActiveCfg = Debug|Any CPU
		{51E0DBBA-11FF-45B1-BA56-62F9C9DE1899}.Debug|Any CPU.Build.0 = Debug|Any CPU
		{51E0DBBA-11FF-45B1-BA56-62F9C9DE1899}.Release|Any CPU.ActiveCfg = Release|Any CPU
		{51E0DBBA-11FF-45B1-BA56-62F9C9DE1899}.Release|Any CPU.Build.0 = Release|Any CPU
	EndGlobalSection
	GlobalSection(SolutionProperties) = preSolution
		HideSolutionNode = FALSE
	EndGlobalSection
	GlobalSection(ExtensibilityGlobals) = postSolution
		SolutionGuid = {E18E3DA8-C30E-4A6D-B9F7-9B20728A61D0}
	EndGlobalSection
EndGlobal
